// !$*UTF8*$!
{
	archiveVersion = 1;
	classes = {
	};
	objectVersion = 46;
	objects = {

/* Begin PBXBuildFile section */
		74DAF0101DAB2C1F0006E96E /* main.m in Sources */ = {isa = PBXBuildFile; fileRef = 74DAF00F1DAB2C1F0006E96E /* main.m */; };
		74DAF0131DAB2C1F0006E96E /* AppDelegate.m in Sources */ = {isa = PBXBuildFile; fileRef = 74DAF0121DAB2C1F0006E96E /* AppDelegate.m */; };
		74DAF0161DAB2C1F0006E96E /* ViewController.m in Sources */ = {isa = PBXBuildFile; fileRef = 74DAF0151DAB2C1F0006E96E /* ViewController.m */; };
		74DAF0191DAB2C1F0006E96E /* Main.storyboard in Resources */ = {isa = PBXBuildFile; fileRef = 74DAF0171DAB2C1F0006E96E /* Main.storyboard */; };
		74DAF01B1DAB2C1F0006E96E /* Assets.xcassets in Resources */ = {isa = PBXBuildFile; fileRef = 74DAF01A1DAB2C1F0006E96E /* Assets.xcassets */; };
		74DAF01E1DAB2C1F0006E96E /* LaunchScreen.storyboard in Resources */ = {isa = PBXBuildFile; fileRef = 74DAF01C1DAB2C1F0006E96E /* LaunchScreen.storyboard */; };
		74DAF0271DAB2C970006E96E /* HttpTools.m in Sources */ = {isa = PBXBuildFile; fileRef = 74DAF0261DAB2C970006E96E /* HttpTools.m */; };
/* End PBXBuildFile section */

/* Begin PBXFileReference section */
		74DAF00B1DAB2C1F0006E96E /* BlockUse.app */ = {isa = PBXFileReference; explicitFileType = wrapper.application; includeInIndex = 0; path = BlockUse.app; sourceTree = BUILT_PRODUCTS_DIR; };
		74DAF00F1DAB2C1F0006E96E /* main.m */ = {isa = PBXFileReference; lastKnownFileType = sourcecode.c.objc; path = main.m; sourceTree = "<group>"; };
		74DAF0111DAB2C1F0006E96E /* AppDelegate.h */ = {isa = PBXFileReference; lastKnownFileType = sourcecode.c.h; path = AppDelegate.h; sourceTree = "<group>"; };
		74DAF0121DAB2C1F0006E96E /* AppDelegate.m */ = {isa = PBXFileReference; lastKnownFileType = sourcecode.c.objc; path = AppDelegate.m; sourceTree = "<group>"; };
		74DAF0141DAB2C1F0006E96E /* ViewController.h */ = {isa = PBXFileReference; lastKnownFileType = sourcecode.c.h; path = ViewController.h; sourceTree = "<group>"; };
		74DAF0151DAB2C1F0006E96E /* ViewController.m */ = {isa = PBXFileReference; lastKnownFileType = sourcecode.c.objc; path = ViewController.m; sourceTree = "<group>"; };
		74DAF0181DAB2C1F0006E96E /* Base */ = {isa = PBXFileReference; lastKnownFileType = file.storyboard; name = Base; path = Base.lproj/Main.storyboard; sourceTree = "<group>"; };
		74DAF01A1DAB2C1F0006E96E /* Assets.xcassets */ = {isa = PBXFileReference; lastKnownFileType = folder.assetcatalog; path = Assets.xcassets; sourceTree = "<group>"; };
		74DAF01D1DAB2C1F0006E96E /* Base */ = {isa = PBXFileReference; lastKnownFileType = file.storyboard; name = Base; path = Base.lproj/LaunchScreen.storyboard; sourceTree = "<group>"; };
		74DAF01F1DAB2C1F0006E96E /* Info.plist */ = {isa = PBXFileReference; lastKnownFileType = text.plist.xml; path = Info.plist; sourceTree = "<group>"; };
		74DAF0251DAB2C970006E96E /* HttpTools.h */ = {isa = PBXFileReference; fileEncoding = 4; lastKnownFileType = sourcecode.c.h; path = HttpTools.h; sourceTree = "<group>"; };
		74DAF0261DAB2C970006E96E /* HttpTools.m */ = {isa = PBXFileReference; fileEncoding = 4; lastKnownFileType = sourcecode.c.objc; path = HttpTools.m; sourceTree = "<group>"; };
/* End PBXFileReference section */

/* Begin PBXFrameworksBuildPhase section */
		74DAF0081DAB2C1F0006E96E /* Frameworks */ = {
			isa = PBXFrameworksBuildPhase;
			buildActionMask = 2147483647;
			files = (
			);
			runOnlyForDeploymentPostprocessing = 0;
		};
/* End PBXFrameworksBuildPhase section */

/* Begin PBXGroup section */
		74DAF0021DAB2C1F0006E96E = {
			isa = PBXGroup;
			children = (
				74DAF00D1DAB2C1F0006E96E /* BlockUse */,
				74DAF00C1DAB2C1F0006E96E /* Products */,
			);
			sourceTree = "<group>";
		};
		74DAF00C1DAB2C1F0006E96E /* Products */ = {
			isa = PBXGroup;
			children = (
				74DAF00B1DAB2C1F0006E96E /* BlockUse.app */,
			);
			name = Products;
			sourceTree = "<group>";
		};
		74DAF00D1DAB2C1F0006E96E /* BlockUse */ = {
			isa = PBXGroup;
			children = (
				74DAF0111DAB2C1F0006E96E /* AppDelegate.h */,
				74DAF0121DAB2C1F0006E96E /* AppDelegate.m */,
				74DAF0141DAB2C1F0006E96E /* ViewController.h */,
				74DAF0151DAB2C1F0006E96E /* ViewController.m */,
				74DAF0171DAB2C1F0006E96E /* Main.storyboard */,
				74DAF01A1DAB2C1F0006E96E /* Assets.xcassets */,
				74DAF01C1DAB2C1F0006E96E /* LaunchScreen.storyboard */,
				74DAF01F1DAB2C1F0006E96E /* Info.plist */,
				74DAF00E1DAB2C1F0006E96E /* Supporting Files */,
				74DAF0251DAB2C970006E96E /* HttpTools.h */,
				74DAF0261DAB2C970006E96E /* HttpTools.m */,
			);
			path = BlockUse;
			sourceTree = "<group>";
		};
		74DAF00E1DAB2C1F0006E96E /* Supporting Files */ = {
			isa = PBXGroup;
			children = (
				74DAF00F1DAB2C1F0006E96E /* main.m */,
			);
			name = "Supporting Files";
			sourceTree = "<group>";
		};
/* End PBXGroup section */

/* Begin PBXNativeTarget section */
		74DAF00A1DAB2C1F0006E96E /* BlockUse */ = {
			isa = PBXNativeTarget;
			buildConfigurationList = 74DAF0221DAB2C1F0006E96E /* Build configuration list for PBXNativeTarget "BlockUse" */;
			buildPhases = (
				74DAF0071DAB2C1F0006E96E /* Sources */,
				74DAF0081DAB2C1F0006E96E /* Frameworks */,
				74DAF0091DAB2C1F0006E96E /* Resources */,
			);
			buildRules = (
			);
			dependencies = (
			);
			name = BlockUse;
			productName = BlockUse;
			productReference = 74DAF00B1DAB2C1F0006E96E /* BlockUse.app */;
			productType = "com.apple.product-type.application";
		};
/* End PBXNativeTarget section */

/* Begin PBXProject section */
		74DAF0031DAB2C1F0006E96E /* Project object */ = {
			isa = PBXProject;
			attributes = {
				LastUpgradeCheck = 0800;
				ORGANIZATIONNAME = "夜风易冷";
				TargetAttributes = {
					74DAF00A1DAB2C1F0006E96E = {
						CreatedOnToolsVersion = 8.0;
						DevelopmentTeam = NEDBZL7MPY;
						ProvisioningStyle = Automatic;
					};
				};
			};
			buildConfigurationList = 74DAF0061DAB2C1F0006E96E /* Build configuration list for PBXProject "BlockUse" */;
			compatibilityVersion = "Xcode 3.2";
			developmentRegion = English;
			hasScannedForEncodings = 0;
			knownRegions = (
				en,
				Base,
			);
			mainGroup = 74DAF0021DAB2C1F0006E96E;
			productRefGroup = 74DAF00C1DAB2C1F0006E96E /* Products */;
			projectDirPath = "";
			projectRoot = "";
			targets = (
				74DAF00A1DAB2C1F0006E96E /* BlockUse */,
			);
		};
/* End PBXProject section */

/* Begin PBXResourcesBuildPhase section */
		74DAF0091DAB2C1F0006E96E /* Resources */ = {
			isa = PBXResourcesBuildPhase;
			buildActionMask = 2147483647;
			files = (
				74DAF01E1DAB2C1F0006E96E /* LaunchScreen.storyboard in Resources */,
				74DAF01B1DAB2C1F0006E96E /* Assets.xcassets in Resources */,
				74DAF0191DAB2C1F0006E96E /* Main.storyboard in Resources */,
			);
			runOnlyForDeploymentPostprocessing = 0;
		};
/* End PBXResourcesBuildPhase section */

/* Begin PBXSourcesBuildPhase section */
		74DAF0071DAB2C1F0006E96E /* Sources */ = {
			isa = PBXSourcesBuildPhase;
			buildActionMask = 2147483647;
			files = (
				74DAF0161DAB2C1F0006E96E /* ViewController.m in Sources */,
				74DAF0131DAB2C1F0006E96E /* AppDelegate.m in Sources */,
				74DAF0101DAB2C1F0006E96E /* main.m in Sources */,
				74DAF0271DAB2C970006E96E /* HttpTools.m in Sources */,
			);
			runOnlyForDeploymentPostprocessing = 0;
		};
/* End PBXSourcesBuildPhase section */

/* Begin PBXVariantGroup section */
		74DAF0171DAB2C1F0006E96E /* Main.storyboard */ = {
			isa = PBXVariantGroup;
			children = (
				74DAF0181DAB2C1F0006E96E /* Base */,
			);
			name = Main.storyboard;
			sourceTree = "<group>";
		};
		74DAF01C1DAB2C1F0006E96E /* LaunchScreen.storyboard */ = {
			isa = PBXVariantGroup;
			children = (
				74DAF01D1DAB2C1F0006E96E /* Base */,
			);
			name = LaunchScreen.storyboard;
			sourceTree = "<group>";
		};
/* End PBXVariantGroup section */

/* Begin XCBuildConfiguration section */
		74DAF0201DAB2C1F0006E96E /* Debug */ = {
			isa = XCBuildConfiguration;
			buildSettings = {
				ALWAYS_SEARCH_USER_PATHS = NO;
				CLANG_ANALYZER_NONNULL = YES;
				CLANG_CXX_LANGUAGE_STANDARD = "gnu++0x";
				CLANG_CXX_LIBRARY = "libc++";
				CLANG_ENABLE_MODULES = YES;
				CLANG_ENABLE_OBJC_ARC = YES;
				CLANG_WARN_BOOL_CONVERSION = YES;
				CLANG_WARN_CONSTANT_CONVERSION = YES;
				CLANG_WARN_DIRECT_OBJC_ISA_USAGE = YES_ERROR;
				CLANG_WARN_DOCUMENTATION_COMMENTS = YES;
				CLANG_WARN_EMPTY_BODY = YES;
				CLANG_WARN_ENUM_CONVERSION = YES;
				CLANG_WARN_INFINITE_RECURSION = YES;
				CLANG_WARN_INT_CONVERSION = YES;
				CLANG_WARN_OBJC_ROOT_CLASS = YES_ERROR;
				CLANG_WARN_SUSPICIOUS_MOVES = YES;
				CLANG_WARN_UNREACHABLE_CODE = YES;
				CLANG_WARN__DUPLICATE_METHOD_MATCH = YES;
				"CODE_SIGN_IDENTITY[sdk=iphoneos*]" = "iPhone Developer";
				COPY_PHASE_STRIP = NO;
				DEBUG_INFORMATION_FORMAT = dwarf;
				ENABLE_STRICT_OBJC_MSGSEND = YES;
				ENABLE_TESTABILITY = YES;
				GCC_C_LANGUAGE_STANDARD = gnu99;
				GCC_DYNAMIC_NO_PIC = NO;
				GCC_NO_COMMON_BLOCKS = YES;
				GCC_OPTIMIZATION_LEVEL = 0;
				GCC_PREPROCESSOR_DEFINITIONS = (
					"DEBUG=1",
					"$(inherited)",
				);
				GCC_WARN_64_TO_32_BIT_CONVERSION = YES;
				GCC_WARN_ABOUT_RETURN_TYPE = YES_ERROR;
				GCC_WARN_UNDECLARED_SELECTOR = YES;
				GCC_WARN_UNINITIALIZED_AUTOS = YES_AGGRESSIVE;
				GCC_WARN_UNUSED_FUNCTION = YES;
				GCC_WARN_UNUSED_VARIABLE = YES;
				IPHONEOS_DEPLOYMENT_TARGET = 10.0;
				MTL_ENABLE_DEBUG_INFO = YES;
				ONLY_ACTIVE_ARCH = YES;
				SDKROOT = iphoneos;
				TARGETED_DEVICE_FAMILY = "1,2";
			};
			name = Debug;
		};
		74DAF0211DAB2C1F0006E96E /* Release */ = {
			isa = XCBuildConfiguration;
			buildSettings = {
				ALWAYS_SEARCH_USER_PATHS = NO;
				CLANG_ANALYZER_NONNULL = YES;
				CLANG_CXX_LANGUAGE_STANDARD = "gnu++0x";
				CLANG_CXX_LIBRARY = "libc++";
				CLANG_ENABLE_MODULES = YES;
				CLANG_ENABLE_OBJC_ARC = YES;
				CLANG_WARN_BOOL_CONVERSION = YES;
				CLANG_WARN_CONSTANT_CONVERSION = YES;
				CLANG_WARN_DIRECT_OBJC_ISA_USAGE = YES_ERROR;
				CLANG_WARN_DOCUMENTATION_COMMENTS = YES;
				CLANG_WARN_EMPTY_BODY = YES;
				CLANG_WARN_ENUM_CONVERSION = YES;
				CLANG_WARN_INFINITE_RECURSION = YES;
				CLANG_WARN_INT_CONVERSION = YES;
				CLANG_WARN_OBJC_ROOT_CLASS = YES_ERROR;
				CLANG_WARN_SUSPICIOUS_MOVES = YES;
				CLANG_WARN_UNREACHABLE_CODE = YES;
				CLANG_WARN__DUPLICATE_METHOD_MATCH = YES;
				"CODE_SIGN_IDENTITY[sdk=iphoneos*]" = "iPhone Developer";
				COPY_PHASE_STRIP = NO;
				DEBUG_INFORMATION_FORMAT = "dwarf-with-dsym";
				ENABLE_NS_ASSERTIONS = NO;
				ENABLE_STRICT_OBJC_MSGSEND = YES;
				GCC_C_LANGUAGE_STANDARD = gnu99;
				GCC_NO_COMMON_BLOCKS = YES;
				GCC_WARN_64_TO_32_BIT_CONVERSION = YES;
				GCC_WARN_ABOUT_RETURN_TYPE = YES_ERROR;
				GCC_WARN_UNDECLARED_SELECTOR = YES;
				GCC_WARN_UNINITIALIZED_AUTOS = YES_AGGRESSIVE;
				GCC_WARN_UNUSED_FUNCTION = YES;
				GCC_WARN_UNUSED_VARIABLE = YES;
				IPHONEOS_DEPLOYMENT_TARGET = 10.0;
				MTL_ENABLE_DEBUG_INFO = NO;
				SDKROOT = iphoneos;
				TARGETED_DEVICE_FAMILY = "1,2";
				VALIDATE_PRODUCT = YES;
			};
			name = Release;
		};
		74DAF0231DAB2C1F0006E96E /* Debug */ = {
			isa = XCBuildConfiguration;
			buildSettings = {
				ASSETCATALOG_COMPILER_APPICON_NAME = AppIcon;
				DEVELOPMENT_TEAM = NEDBZL7MPY;
				INFOPLIST_FILE = BlockUse/Info.plist;
				LD_RUNPATH_SEARCH_PATHS = "$(inherited) @executable_path/Frameworks";
				PRODUCT_BUNDLE_IDENTIFIER = com.caissa.BlockUse;
				PRODUCT_NAME = "$(TARGET_NAME)";
			};
			name = Debug;
		};
		74DAF0241DAB2C1F0006E96E /* Release */ = {
			isa = XCBuildConfiguration;
			buildSettings = {
				ASSETCATALOG_COMPILER_APPICON_NAME = AppIcon;
				DEVELOPMENT_TEAM = NEDBZL7MPY;
				INFOPLIST_FILE = BlockUse/Info.plist;
				LD_RUNPATH_SEARCH_PATHS = "$(inherited) @executable_path/Frameworks";
				PRODUCT_BUNDLE_IDENTIFIER = com.caissa.BlockUse;
				PRODUCT_NAME = "$(TARGET_NAME)";
			};
			name = Release;
		};
/* End XCBuildConfiguration section */

/* Begin XCConfigurationList section */
		74DAF0061DAB2C1F0006E96E /* Build configuration list for PBXProject "BlockUse" */ = {
			isa = XCConfigurationList;
			buildConfigurations = (
				74DAF0201DAB2C1F0006E96E /* Debug */,
				74DAF0211DAB2C1F0006E96E /* Release */,
			);
			defaultConfigurationIsVisible = 0;
			defaultConfigurationName = Release;
		};
		74DAF0221DAB2C1F0006E96E /* Build configuration list for PBXNativeTarget "BlockUse" */ = {
			isa = XCConfigurationList;
			buildConfigurations = (
				74DAF0231DAB2C1F0006E96E /* Debug */,
				74DAF0241DAB2C1F0006E96E /* Release */,
			);
			defaultConfigurationIsVisible = 0;
		};
/* End XCConfigurationList section */
	};
	rootObject = 74DAF0031DAB2C1F0006E96E /* Project object */;
}
